// !$*UTF8*$!
{
	archiveVersion = 1;
	classes = {
	};
	objectVersion = 56;
	objects = {

/* Begin PBXBuildFile section */
		7E0000012C00000000000001 /* TahoeFolderComposerApp.swift in Sources */ = {isa = PBXBuildFile; fileRef = 7E0000022C00000000000001 /* TahoeFolderComposerApp.swift */; };
		7E0000032C00000000000001 /* ContentView.swift in Sources */ = {isa = PBXBuildFile; fileRef = 7E0000042C00000000000001 /* ContentView.swift */; };
		7E0000052C00000000000001 /* composite-back-front.png in Resources */ = {isa = PBXBuildFile; fileRef = 7E0000062C00000000000001 /* composite-back-front.png */; };
		7E0000072C00000000000001 /* composite-back-paper-front.png in Resources */ = {isa = PBXBuildFile; fileRef = 7E0000082C00000000000001 /* composite-back-paper-front.png */; };
		7E0000282C00000000000001 /* FolderStyle.swift in Sources */ = {isa = PBXBuildFile; fileRef = 7E0000292C00000000000001 /* FolderStyle.swift */; };
		7E00002A2C00000000000001 /* RenderSettings.swift in Sources */ = {isa = PBXBuildFile; fileRef = 7E00002B2C00000000000001 /* RenderSettings.swift */; };
		7E00002C2C00000000000001 /* TestImages.swift in Sources */ = {isa = PBXBuildFile; fileRef = 7E00002D2C00000000000001 /* TestImages.swift */; };
		7E00002E2C00000000000001 /* PNGExporterTests.swift in Sources */ = {isa = PBXBuildFile; fileRef = 7E00002F2C00000000000001 /* PNGExporterTests.swift */; };
		7E0000302C00000000000001 /* PNGExporter.swift in Sources */ = {isa = PBXBuildFile; fileRef = 7E0000312C00000000000001 /* PNGExporter.swift */; };
		7E0000322C00000000000001 /* SymbolImageLoaderTests.swift in Sources */ = {isa = PBXBuildFile; fileRef = 7E0000332C00000000000001 /* SymbolImageLoaderTests.swift */; };
		7E0000342C00000000000001 /* AlphaMask.swift in Sources */ = {isa = PBXBuildFile; fileRef = 7E0000352C00000000000001 /* AlphaMask.swift */; };
		7E0000362C00000000000001 /* SymbolImageLoader.swift in Sources */ = {isa = PBXBuildFile; fileRef = 7E0000372C00000000000001 /* SymbolImageLoader.swift */; };
		7E0000382C00000000000001 /* TahoeEmbossRendererTests.swift in Sources */ = {isa = PBXBuildFile; fileRef = 7E0000392C00000000000001 /* TahoeEmbossRendererTests.swift */; };
		7E00003A2C00000000000001 /* TahoeEmbossRenderer.swift in Sources */ = {isa = PBXBuildFile; fileRef = 7E00003B2C00000000000001 /* TahoeEmbossRenderer.swift */; };
/* End PBXBuildFile section */

/* Begin PBXContainerItemProxy section */
		7E0000092C00000000000001 /* PBXContainerItemProxy */ = {
			isa = PBXContainerItemProxy;
			containerPortal = 7E00000A2C00000000000001 /* Project object */;
			proxyType = 1;
			remoteGlobalIDString = 7E00000B2C00000000000001;
			remoteInfo = TahoeFolderComposer;
		};
/* End PBXContainerItemProxy section */

/* Begin PBXFileReference section */
		7E0000022C00000000000001 /* TahoeFolderComposerApp.swift */ = {isa = PBXFileReference; lastKnownFileType = sourcecode.swift; path = TahoeFolderComposerApp.swift; sourceTree = "<group>"; };
		7E0000042C00000000000001 /* ContentView.swift */ = {isa = PBXFileReference; lastKnownFileType = sourcecode.swift; path = ContentView.swift; sourceTree = "<group>"; };
		7E0000062C00000000000001 /* composite-back-front.png */ = {isa = PBXFileReference; lastKnownFileType = image.png; path = "composite-back-front.png"; sourceTree = "<group>"; };
		7E0000082C00000000000001 /* composite-back-paper-front.png */ = {isa = PBXFileReference; lastKnownFileType = image.png; path = "composite-back-paper-front.png"; sourceTree = "<group>"; };
		7E00000C2C00000000000001 /* TahoeFolderComposer.app */ = {isa = PBXFileReference; explicitFileType = wrapper.application; includeInIndex = 0; path = TahoeFolderComposer.app; sourceTree = BUILT_PRODUCTS_DIR; };
		7E00000D2C00000000000001 /* TahoeFolderComposerTests.xctest */ = {isa = PBXFileReference; explicitFileType = wrapper.cfbundle; includeInIndex = 0; path = TahoeFolderComposerTests.xctest; sourceTree = BUILT_PRODUCTS_DIR; };
		7E0000292C00000000000001 /* FolderStyle.swift */ = {isa = PBXFileReference; lastKnownFileType = sourcecode.swift; path = FolderStyle.swift; sourceTree = "<group>"; };
		7E00002B2C00000000000001 /* RenderSettings.swift */ = {isa = PBXFileReference; lastKnownFileType = sourcecode.swift; path = RenderSettings.swift; sourceTree = "<group>"; };
		7E00002D2C00000000000001 /* TestImages.swift */ = {isa = PBXFileReference; lastKnownFileType = sourcecode.swift; path = TestImages.swift; sourceTree = "<group>"; };
		7E00002F2C00000000000001 /* PNGExporterTests.swift */ = {isa = PBXFileReference; lastKnownFileType = sourcecode.swift; path = PNGExporterTests.swift; sourceTree = "<group>"; };
		7E0000312C00000000000001 /* PNGExporter.swift */ = {isa = PBXFileReference; lastKnownFileType = sourcecode.swift; path = PNGExporter.swift; sourceTree = "<group>"; };
		7E0000332C00000000000001 /* SymbolImageLoaderTests.swift */ = {isa = PBXFileReference; lastKnownFileType = sourcecode.swift; path = SymbolImageLoaderTests.swift; sourceTree = "<group>"; };
		7E0000352C00000000000001 /* AlphaMask.swift */ = {isa = PBXFileReference; lastKnownFileType = sourcecode.swift; path = AlphaMask.swift; sourceTree = "<group>"; };
		7E0000372C00000000000001 /* SymbolImageLoader.swift */ = {isa = PBXFileReference; lastKnownFileType = sourcecode.swift; path = SymbolImageLoader.swift; sourceTree = "<group>"; };
		7E0000392C00000000000001 /* TahoeEmbossRendererTests.swift */ = {isa = PBXFileReference; lastKnownFileType = sourcecode.swift; path = TahoeEmbossRendererTests.swift; sourceTree = "<group>"; };
		7E00003B2C00000000000001 /* TahoeEmbossRenderer.swift */ = {isa = PBXFileReference; lastKnownFileType = sourcecode.swift; path = TahoeEmbossRenderer.swift; sourceTree = "<group>"; };
/* End PBXFileReference section */

/* Begin PBXFrameworksBuildPhase section */
		7E00000E2C00000000000001 /* Frameworks */ = {
			isa = PBXFrameworksBuildPhase;
			buildActionMask = 2147483647;
			files = (
			);
			runOnlyForDeploymentPostprocessing = 0;
		};
		7E00000F2C00000000000001 /* Frameworks */ = {
			isa = PBXFrameworksBuildPhase;
			buildActionMask = 2147483647;
			files = (
			);
			runOnlyForDeploymentPostprocessing = 0;
		};
/* End PBXFrameworksBuildPhase section */

/* Begin PBXGroup section */
		7E0000102C00000000000001 = {
			isa = PBXGroup;
			children = (
				7E0000112C00000000000001 /* TahoeFolderComposer */,
				7E0000122C00000000000001 /* TahoeFolderComposerTests */,
				7E0000132C00000000000001 /* Products */,
			);
			sourceTree = "<group>";
		};
		7E0000112C00000000000001 /* TahoeFolderComposer */ = {
			isa = PBXGroup;
			children = (
				7E0000022C00000000000001 /* TahoeFolderComposerApp.swift */,
				7E0000042C00000000000001 /* ContentView.swift */,
				7E0000142C00000000000001 /* Resources */,
				7E0000152C00000000000001 /* Models */,
				7E0000162C00000000000001 /* Rendering */,
				7E0000172C00000000000001 /* Exporting */,
				7E0000182C00000000000001 /* SystemIntegration */,
			);
			path = TahoeFolderComposer;
			sourceTree = "<group>";
		};
		7E0000122C00000000000001 /* TahoeFolderComposerTests */ = {
			isa = PBXGroup;
			children = (
				7E00002D2C00000000000001 /* TestImages.swift */,
				7E00002F2C00000000000001 /* PNGExporterTests.swift */,
				7E0000332C00000000000001 /* SymbolImageLoaderTests.swift */,
				7E0000392C00000000000001 /* TahoeEmbossRendererTests.swift */,
			);
			path = TahoeFolderComposerTests;
			sourceTree = "<group>";
		};
		7E0000132C00000000000001 /* Products */ = {
			isa = PBXGroup;
			children = (
				7E00000C2C00000000000001 /* TahoeFolderComposer.app */,
				7E00000D2C00000000000001 /* TahoeFolderComposerTests.xctest */,
			);
			name = Products;
			sourceTree = "<group>";
		};
		7E0000142C00000000000001 /* Resources */ = {
			isa = PBXGroup;
			children = (
				7E0000062C00000000000001 /* composite-back-front.png */,
				7E0000082C00000000000001 /* composite-back-paper-front.png */,
			);
			path = Resources;
			sourceTree = "<group>";
		};
		7E0000152C00000000000001 /* Models */ = {
			isa = PBXGroup;
			children = (
				7E0000292C00000000000001 /* FolderStyle.swift */,
				7E00002B2C00000000000001 /* RenderSettings.swift */,
			);
			path = Models;
			sourceTree = "<group>";
		};
		7E0000162C00000000000001 /* Rendering */ = {
			isa = PBXGroup;
			children = (
				7E0000352C00000000000001 /* AlphaMask.swift */,
				7E0000372C00000000000001 /* SymbolImageLoader.swift */,
				7E00003B2C00000000000001 /* TahoeEmbossRenderer.swift */,
			);
			path = Rendering;
			sourceTree = "<group>";
		};
		7E0000172C00000000000001 /* Exporting */ = {
			isa = PBXGroup;
			children = (
				7E0000312C00000000000001 /* PNGExporter.swift */,
			);
			path = Exporting;
			sourceTree = "<group>";
		};
		7E0000182C00000000000001 /* SystemIntegration */ = {
			isa = PBXGroup;
			children = (
			);
			path = SystemIntegration;
			sourceTree = "<group>";
		};
/* End PBXGroup section */

/* Begin PBXNativeTarget section */
		7E00000B2C00000000000001 /* TahoeFolderComposer */ = {
			isa = PBXNativeTarget;
			buildConfigurationList = 7E0000192C00000000000001 /* Build configuration list for PBXNativeTarget "TahoeFolderComposer" */;
			buildPhases = (
				7E00001A2C00000000000001 /* Sources */,
				7E00000E2C00000000000001 /* Frameworks */,
				7E00001B2C00000000000001 /* Resources */,
			);
			buildRules = (
			);
			dependencies = (
			);
			name = TahoeFolderComposer;
			productName = TahoeFolderComposer;
			productReference = 7E00000C2C00000000000001 /* TahoeFolderComposer.app */;
			productType = "com.apple.product-type.application";
		};
		7E00001C2C00000000000001 /* TahoeFolderComposerTests */ = {
			isa = PBXNativeTarget;
			buildConfigurationList = 7E00001D2C00000000000001 /* Build configuration list for PBXNativeTarget "TahoeFolderComposerTests" */;
			buildPhases = (
				7E00001E2C00000000000001 /* Sources */,
				7E00000F2C00000000000001 /* Frameworks */,
				7E00001F2C00000000000001 /* Resources */,
			);
			buildRules = (
			);
			dependencies = (
				7E0000202C00000000000001 /* PBXTargetDependency */,
			);
			name = TahoeFolderComposerTests;
			productName = TahoeFolderComposerTests;
			productReference = 7E00000D2C00000000000001 /* TahoeFolderComposerTests.xctest */;
			productType = "com.apple.product-type.bundle.unit-test";
		};
/* End PBXNativeTarget section */

/* Begin PBXProject section */
		7E00000A2C00000000000001 /* Project object */ = {
			isa = PBXProject;
			attributes = {
				BuildIndependentTargetsInParallel = 1;
				LastSwiftUpdateCheck = 2650;
				LastUpgradeCheck = 2650;
				TargetAttributes = {
					7E00000B2C00000000000001 = {
						CreatedOnToolsVersion = 26.5;
					};
					7E00001C2C00000000000001 = {
						CreatedOnToolsVersion = 26.5;
						TestTargetID = 7E00000B2C00000000000001;
					};
				};
			};
			buildConfigurationList = 7E0000212C00000000000001 /* Build configuration list for PBXProject "TahoeFolderComposer" */;
			compatibilityVersion = "Xcode 14.0";
			developmentRegion = en;
			hasScannedForEncodings = 0;
			knownRegions = (
				en,
				Base,
			);
			mainGroup = 7E0000102C00000000000001;
			productRefGroup = 7E0000132C00000000000001 /* Products */;
			projectDirPath = "";
			projectRoot = "";
			targets = (
				7E00000B2C00000000000001 /* TahoeFolderComposer */,
				7E00001C2C00000000000001 /* TahoeFolderComposerTests */,
			);
		};
/* End PBXProject section */

/* Begin PBXResourcesBuildPhase section */
		7E00001B2C00000000000001 /* Resources */ = {
			isa = PBXResourcesBuildPhase;
			buildActionMask = 2147483647;
			files = (
				7E0000052C00000000000001 /* composite-back-front.png in Resources */,
				7E0000072C00000000000001 /* composite-back-paper-front.png in Resources */,
			);
			runOnlyForDeploymentPostprocessing = 0;
		};
		7E00001F2C00000000000001 /* Resources */ = {
			isa = PBXResourcesBuildPhase;
			buildActionMask = 2147483647;
			files = (
			);
			runOnlyForDeploymentPostprocessing = 0;
		};
/* End PBXResourcesBuildPhase section */

/* Begin PBXSourcesBuildPhase section */
		7E00001A2C00000000000001 /* Sources */ = {
			isa = PBXSourcesBuildPhase;
			buildActionMask = 2147483647;
			files = (
				7E0000012C00000000000001 /* TahoeFolderComposerApp.swift in Sources */,
				7E0000032C00000000000001 /* ContentView.swift in Sources */,
				7E0000282C00000000000001 /* FolderStyle.swift in Sources */,
				7E00002A2C00000000000001 /* RenderSettings.swift in Sources */,
				7E0000302C00000000000001 /* PNGExporter.swift in Sources */,
				7E0000342C00000000000001 /* AlphaMask.swift in Sources */,
				7E0000362C00000000000001 /* SymbolImageLoader.swift in Sources */,
				7E00003A2C00000000000001 /* TahoeEmbossRenderer.swift in Sources */,
			);
			runOnlyForDeploymentPostprocessing = 0;
		};
		7E00001E2C00000000000001 /* Sources */ = {
			isa = PBXSourcesBuildPhase;
			buildActionMask = 2147483647;
			files = (
				7E00002C2C00000000000001 /* TestImages.swift in Sources */,
				7E00002E2C00000000000001 /* PNGExporterTests.swift in Sources */,
				7E0000322C00000000000001 /* SymbolImageLoaderTests.swift in Sources */,
				7E0000382C00000000000001 /* TahoeEmbossRendererTests.swift in Sources */,
			);
			runOnlyForDeploymentPostprocessing = 0;
		};
/* End PBXSourcesBuildPhase section */

/* Begin PBXTargetDependency section */
		7E0000202C00000000000001 /* PBXTargetDependency */ = {
			isa = PBXTargetDependency;
			target = 7E00000B2C00000000000001 /* TahoeFolderComposer */;
			targetProxy = 7E0000092C00000000000001 /* PBXContainerItemProxy */;
		};
/* End PBXTargetDependency section */

/* Begin XCBuildConfiguration section */
		7E0000222C00000000000001 /* Debug */ = {
			isa = XCBuildConfiguration;
			buildSettings = {
				CLANG_ANALYZER_NONNULL = YES;
				CLANG_ANALYZER_NUMBER_OBJECT_CONVERSION = YES_AGGRESSIVE;
				CLANG_CXX_LANGUAGE_STANDARD = "gnu++20";
				CLANG_ENABLE_MODULES = YES;
				CLANG_ENABLE_OBJC_ARC = YES;
				CLANG_ENABLE_OBJC_WEAK = YES;
				CLANG_WARN_BLOCK_CAPTURE_AUTORELEASING = YES;
				CLANG_WARN_BOOL_CONVERSION = YES;
				CLANG_WARN_COMMA = YES;
				CLANG_WARN_CONSTANT_CONVERSION = YES;
				CLANG_WARN_DEPRECATED_OBJC_IMPLEMENTATIONS = YES;
				CLANG_WARN_DIRECT_OBJC_ISA_USAGE = YES_ERROR;
				CLANG_WARN_DOCUMENTATION_COMMENTS = YES;
				CLANG_WARN_EMPTY_BODY = YES;
				CLANG_WARN_ENUM_CONVERSION = YES;
				CLANG_WARN_INFINITE_RECURSION = YES;
				CLANG_WARN_INT_CONVERSION = YES;
				CLANG_WARN_NON_LITERAL_NULL_CONVERSION = YES;
				CLANG_WARN_OBJC_IMPLICIT_RETAIN_SELF = YES;
				CLANG_WARN_OBJC_LITERAL_CONVERSION = YES;
				CLANG_WARN_OBJC_ROOT_CLASS = YES_ERROR;
				CLANG_WARN_QUOTED_INCLUDE_IN_FRAMEWORK_HEADER = YES;
				CLANG_WARN_RANGE_LOOP_ANALYSIS = YES;
				CLANG_WARN_STRICT_PROTOTYPES = YES;
				CLANG_WARN_SUSPICIOUS_MOVE = YES;
				CLANG_WARN_UNGUARDED_AVAILABILITY = YES_AGGRESSIVE;
				CLANG_WARN_UNREACHABLE_CODE = YES;
				CLANG_WARN__DUPLICATE_METHOD_MATCH = YES;
				COPY_PHASE_STRIP = NO;
				DEBUG_INFORMATION_FORMAT = dwarf;
				ENABLE_STRICT_OBJC_MSGSEND = YES;
				ENABLE_TESTABILITY = YES;
				ENABLE_USER_SCRIPT_SANDBOXING = YES;
				GCC_C_LANGUAGE_STANDARD = gnu17;
				GCC_DYNAMIC_NO_PIC = NO;
				GCC_NO_COMMON_BLOCKS = YES;
				GCC_OPTIMIZATION_LEVEL = 0;
				GCC_PREPROCESSOR_DEFINITIONS = (
					"DEBUG=1",
					"$(inherited)",
				);
				GCC_WARN_64_TO_32_BIT_CONVERSION = YES;
				GCC_WARN_ABOUT_RETURN_TYPE = YES_ERROR;
				GCC_WARN_UNDECLARED_SELECTOR = YES;
				GCC_WARN_UNINITIALIZED_AUTOS = YES_AGGRESSIVE;
				GCC_WARN_UNUSED_FUNCTION = YES;
				GCC_WARN_UNUSED_VARIABLE = YES;
				MACOSX_DEPLOYMENT_TARGET = 26.0;
				MTL_ENABLE_DEBUG_INFO = INCLUDE_SOURCE;
				MTL_FAST_MATH = YES;
				ONLY_ACTIVE_ARCH = YES;
				SDKROOT = macosx;
				SWIFT_ACTIVE_COMPILATION_CONDITIONS = "DEBUG $(inherited)";
				SWIFT_OPTIMIZATION_LEVEL = "-Onone";
			};
			name = Debug;
		};
		7E0000232C00000000000001 /* Release */ = {
			isa = XCBuildConfiguration;
			buildSettings = {
				CLANG_ANALYZER_NONNULL = YES;
				CLANG_ANALYZER_NUMBER_OBJECT_CONVERSION = YES_AGGRESSIVE;
				CLANG_CXX_LANGUAGE_STANDARD = "gnu++20";
				CLANG_ENABLE_MODULES = YES;
				CLANG_ENABLE_OBJC_ARC = YES;
				CLANG_ENABLE_OBJC_WEAK = YES;
				CLANG_WARN_BLOCK_CAPTURE_AUTORELEASING = YES;
				CLANG_WARN_BOOL_CONVERSION = YES;
				CLANG_WARN_COMMA = YES;
				CLANG_WARN_CONSTANT_CONVERSION = YES;
				CLANG_WARN_DEPRECATED_OBJC_IMPLEMENTATIONS = YES;
				CLANG_WARN_DIRECT_OBJC_ISA_USAGE = YES_ERROR;
				CLANG_WARN_DOCUMENTATION_COMMENTS = YES;
				CLANG_WARN_EMPTY_BODY = YES;
				CLANG_WARN_ENUM_CONVERSION = YES;
				CLANG_WARN_INFINITE_RECURSION = YES;
				CLANG_WARN_INT_CONVERSION = YES;
				CLANG_WARN_NON_LITERAL_NULL_CONVERSION = YES;
				CLANG_WARN_OBJC_IMPLICIT_RETAIN_SELF = YES;
				CLANG_WARN_OBJC_LITERAL_CONVERSION = YES;
				CLANG_WARN_OBJC_ROOT_CLASS = YES_ERROR;
				CLANG_WARN_QUOTED_INCLUDE_IN_FRAMEWORK_HEADER = YES;
				CLANG_WARN_RANGE_LOOP_ANALYSIS = YES;
				CLANG_WARN_STRICT_PROTOTYPES = YES;
				CLANG_WARN_SUSPICIOUS_MOVE = YES;
				CLANG_WARN_UNGUARDED_AVAILABILITY = YES_AGGRESSIVE;
				CLANG_WARN_UNREACHABLE_CODE = YES;
				CLANG_WARN__DUPLICATE_METHOD_MATCH = YES;
				COPY_PHASE_STRIP = NO;
				DEBUG_INFORMATION_FORMAT = "dwarf-with-dsym";
				ENABLE_NS_ASSERTIONS = NO;
				ENABLE_STRICT_OBJC_MSGSEND = YES;
				ENABLE_USER_SCRIPT_SANDBOXING = YES;
				GCC_C_LANGUAGE_STANDARD = gnu17;
				GCC_NO_COMMON_BLOCKS = YES;
				GCC_WARN_64_TO_32_BIT_CONVERSION = YES;
				GCC_WARN_ABOUT_RETURN_TYPE = YES_ERROR;
				GCC_WARN_UNDECLARED_SELECTOR = YES;
				GCC_WARN_UNINITIALIZED_AUTOS = YES_AGGRESSIVE;
				GCC_WARN_UNUSED_FUNCTION = YES;
				GCC_WARN_UNUSED_VARIABLE = YES;
				MACOSX_DEPLOYMENT_TARGET = 26.0;
				MTL_ENABLE_DEBUG_INFO = NO;
				MTL_FAST_MATH = YES;
				SDKROOT = macosx;
				SWIFT_COMPILATION_MODE = wholemodule;
			};
			name = Release;
		};
		7E0000242C00000000000001 /* Debug */ = {
			isa = XCBuildConfiguration;
			buildSettings = {
				CODE_SIGN_IDENTITY = "-";
				CODE_SIGN_STYLE = Automatic;
				COMBINE_HIDPI_IMAGES = YES;
				ENABLE_APP_SANDBOX = NO;
				GENERATE_INFOPLIST_FILE = YES;
				INFOPLIST_KEY_NSHumanReadableCopyright = "";
				LD_RUNPATH_SEARCH_PATHS = (
					"$(inherited)",
					"@executable_path/../Frameworks",
				);
				MACOSX_DEPLOYMENT_TARGET = 26.0;
				PRODUCT_BUNDLE_IDENTIFIER = local.TahoeFolderComposer;
				PRODUCT_NAME = TahoeFolderComposer;
				SDKROOT = macosx;
				SUPPORTED_PLATFORMS = macosx;
				SWIFT_EMIT_LOC_STRINGS = YES;
				SWIFT_VERSION = 6.0;
			};
			name = Debug;
		};
		7E0000252C00000000000001 /* Release */ = {
			isa = XCBuildConfiguration;
			buildSettings = {
				CODE_SIGN_IDENTITY = "-";
				CODE_SIGN_STYLE = Automatic;
				COMBINE_HIDPI_IMAGES = YES;
				ENABLE_APP_SANDBOX = NO;
				GENERATE_INFOPLIST_FILE = YES;
				INFOPLIST_KEY_NSHumanReadableCopyright = "";
				LD_RUNPATH_SEARCH_PATHS = (
					"$(inherited)",
					"@executable_path/../Frameworks",
				);
				MACOSX_DEPLOYMENT_TARGET = 26.0;
				PRODUCT_BUNDLE_IDENTIFIER = local.TahoeFolderComposer;
				PRODUCT_NAME = TahoeFolderComposer;
				SDKROOT = macosx;
				SUPPORTED_PLATFORMS = macosx;
				SWIFT_EMIT_LOC_STRINGS = YES;
				SWIFT_VERSION = 6.0;
			};
			name = Release;
		};
		7E0000262C00000000000001 /* Debug */ = {
			isa = XCBuildConfiguration;
			buildSettings = {
				BUNDLE_LOADER = "$(TEST_HOST)";
				CODE_SIGN_IDENTITY = "-";
				CODE_SIGN_STYLE = Automatic;
				ENABLE_APP_SANDBOX = NO;
				GENERATE_INFOPLIST_FILE = YES;
				LD_RUNPATH_SEARCH_PATHS = (
					"$(inherited)",
					"@executable_path/../Frameworks",
					"@loader_path/../Frameworks",
				);
				MACOSX_DEPLOYMENT_TARGET = 26.0;
				PRODUCT_BUNDLE_IDENTIFIER = local.TahoeFolderComposerTests;
				PRODUCT_NAME = "$(TARGET_NAME)";
				SDKROOT = macosx;
				SUPPORTED_PLATFORMS = macosx;
				SWIFT_VERSION = 6.0;
				TEST_HOST = "$(BUILT_PRODUCTS_DIR)/TahoeFolderComposer.app/$(BUNDLE_EXECUTABLE_FOLDER_PATH)/TahoeFolderComposer";
			};
			name = Debug;
		};
		7E0000272C00000000000001 /* Release */ = {
			isa = XCBuildConfiguration;
			buildSettings = {
				BUNDLE_LOADER = "$(TEST_HOST)";
				CODE_SIGN_IDENTITY = "-";
				CODE_SIGN_STYLE = Automatic;
				ENABLE_APP_SANDBOX = NO;
				GENERATE_INFOPLIST_FILE = YES;
				LD_RUNPATH_SEARCH_PATHS = (
					"$(inherited)",
					"@executable_path/../Frameworks",
					"@loader_path/../Frameworks",
				);
				MACOSX_DEPLOYMENT_TARGET = 26.0;
				PRODUCT_BUNDLE_IDENTIFIER = local.TahoeFolderComposerTests;
				PRODUCT_NAME = "$(TARGET_NAME)";
				SDKROOT = macosx;
				SUPPORTED_PLATFORMS = macosx;
				SWIFT_VERSION = 6.0;
				TEST_HOST = "$(BUILT_PRODUCTS_DIR)/TahoeFolderComposer.app/$(BUNDLE_EXECUTABLE_FOLDER_PATH)/TahoeFolderComposer";
			};
			name = Release;
		};
/* End XCBuildConfiguration section */

/* Begin XCConfigurationList section */
		7E0000192C00000000000001 /* Build configuration list for PBXNativeTarget "TahoeFolderComposer" */ = {
			isa = XCConfigurationList;
			buildConfigurations = (
				7E0000242C00000000000001 /* Debug */,
				7E0000252C00000000000001 /* Release */,
			);
			defaultConfigurationIsVisible = 0;
			defaultConfigurationName = Debug;
		};
		7E00001D2C00000000000001 /* Build configuration list for PBXNativeTarget "TahoeFolderComposerTests" */ = {
			isa = XCConfigurationList;
			buildConfigurations = (
				7E0000262C00000000000001 /* Debug */,
				7E0000272C00000000000001 /* Release */,
			);
			defaultConfigurationIsVisible = 0;
			defaultConfigurationName = Debug;
		};
		7E0000212C00000000000001 /* Build configuration list for PBXProject "TahoeFolderComposer" */ = {
			isa = XCConfigurationList;
			buildConfigurations = (
				7E0000222C00000000000001 /* Debug */,
				7E0000232C00000000000001 /* Release */,
			);
			defaultConfigurationIsVisible = 0;
			defaultConfigurationName = Debug;
		};
/* End XCConfigurationList section */
	};
	rootObject = 7E00000A2C00000000000001 /* Project object */;
}
